
Microsoft Visual Studio Solution File, Format Version 12.00
# Visual Studio Version 16
VisualStudioVersion = 16.0.32106.194
MinimumVisualStudioVersion = 10.0.40219.1
Project("{FAE04EC0-301F-11D3-BF4B-00C04F79EFBC}") = "Gestion_Absences_Stagiaire", "Gestion_Absences_Stagiaire\Gestion_Absences_Stagiaire.csproj", "{6BABDC0B-8136-4DC8-B9E6-959D46C240D3}"
EndProject
Global
	GlobalSection(SolutionConfigurationPlatforms) = preSolution
		Debug|Any CPU = Debug|Any CPU
		Release|Any CPU = Release|Any CPU
	EndGlobalSection
	GlobalSection(ProjectConfigurationPlatforms) = postSolution
		{6BABDC0B-8136-4DC8-B9E6-959D46C240D3}.Debug|Any CPU.ActiveCfg = Debug|Any CPU
		{6BABDC0B-8136-4DC8-B9E6-959D46C240D3}.Debug|Any CPU.Build.0 = Debug|Any CPU
		{6BABDC0B-8136-4DC8-B9E6-959D46C240D3}.Release|Any CPU.ActiveCfg = Release|Any CPU
		{6BABDC0B-8136-4DC8-B9E6-959D46C240D3}.Release|Any CPU.Build.0 = Release|Any CPU
	EndGlobalSection
	GlobalSection(SolutionProperties) = preSolution
		HideSolutionNode = FALSE
	EndGlobalSection
	GlobalSection(ExtensibilityGlobals) = postSolution
		SolutionGuid = {1D695615-E9C2-46C0-A0EE-790DC8258C38}
	EndGlobalSection
EndGlobal
